
Microsoft Visual Studio Solution File, Format Version 12.00
# Visual Studio 14
VisualStudioVersion = 14.0.25420.1
MinimumVisualStudioVersion = 10.0.40219.1
Project("{FAE04EC0-301F-11D3-BF4B-00C04F79EFBC}") = "AsyncAwait", "AsyncAwait\AsyncAwait.csproj", "{F555A97F-36B9-4043-AE1C-7B0C29187444}"
EndProject
Project("{FAE04EC0-301F-11D3-BF4B-00C04F79EFBC}") = "WebContentReader", "WebContentReader\WebContentReader.csproj", "{458D59AD-5469-4CF2-A57A-E00FE46B0BB4}"
EndProject
Global
	GlobalSection(SolutionConfigurationPlatforms) = preSolution
		Debug|Any CPU = Debug|Any CPU
		Release|Any CPU = Release|Any CPU
	EndGlobalSection
	GlobalSection(ProjectConfigurationPlatforms) = postSolution
		{F555A97F-36B9-4043-AE1C-7B0C29187444}.Debug|Any CPU.ActiveCfg = Debug|Any CPU
		{F555A97F-36B9-4043-AE1C-7B0C29187444}.Debug|Any CPU.Build.0 = Debug|Any CPU
		{F555A97F-36B9-4043-AE1C-7B0C29187444}.Release|Any CPU.ActiveCfg = Release|Any CPU
		{F555A97F-36B9-4043-AE1C-7B0C29187444}.Release|Any CPU.Build.0 = Release|Any CPU
		{458D59AD-5469-4CF2-A57A-E00FE46B0BB4}.Debug|Any CPU.ActiveCfg = Debug|Any CPU
		{458D59AD-5469-4CF2-A57A-E00FE46B0BB4}.Debug|Any CPU.Build.0 = Debug|Any CPU
		{458D59AD-5469-4CF2-A57A-E00FE46B0BB4}.Release|Any CPU.ActiveCfg = Release|Any CPU
		{458D59AD-5469-4CF2-A57A-E00FE46B0BB4}.Release|Any CPU.Build.0 = Release|Any CPU
	EndGlobalSection
	GlobalSection(SolutionProperties) = preSolution
		HideSolutionNode = FALSE
	EndGlobalSection
EndGlobal
